Microsoft Visual Studio Solution File, Format Version 8.00
Project("{8BC9CEB8-8B4A-11D0-8D11-00A0C91BC942}") = "WinMosh", "WinMosh.vcproj", "{1A44765A-DA36-4FE2-9FD8-1E6C745DA4FE}"
	ProjectSection(ProjectDependencies) = postProject
	EndProjectSection
EndProject
Global
	GlobalSection(SolutionConfiguration) = preSolution
		Debug = Debug
		Release = Release
		ReleaseStaticMico = ReleaseStaticMico
	EndGlobalSection
	GlobalSection(ProjectDependencies) = postSolution
	EndGlobalSection
	GlobalSection(ProjectConfiguration) = postSolution
		{1A44765A-DA36-4FE2-9FD8-1E6C745DA4FE}.Debug.ActiveCfg = Debug|Win32
		{1A44765A-DA36-4FE2-9FD8-1E6C745DA4FE}.Debug.Build.0 = Debug|Win32
		{1A44765A-DA36-4FE2-9FD8-1E6C745DA4FE}.Release.ActiveCfg = Release|Win32
		{1A44765A-DA36-4FE2-9FD8-1E6C745DA4FE}.Release.Build.0 = Release|Win32
		{1A44765A-DA36-4FE2-9FD8-1E6C745DA4FE}.ReleaseStaticMico.ActiveCfg = ReleaseStaticMico|Win32
		{1A44765A-DA36-4FE2-9FD8-1E6C745DA4FE}.ReleaseStaticMico.Build.0 = ReleaseStaticMico|Win32
	EndGlobalSection
	GlobalSection(ExtensibilityGlobals) = postSolution
	EndGlobalSection
	GlobalSection(ExtensibilityAddIns) = postSolution
	EndGlobalSection
EndGlobal
