Microsoft Visual Studio Solution File, Format Version 8.00
Project("{8BC9CEB8-8B4A-11D0-8D11-00A0C91BC942}") = "runtime", "..\runtime.vcproj", "{72B8515B-6FE4-456D-80D3-51BE6A05EC58}"
	ProjectSection(ProjectDependencies) = postProject
		{39F5AFF5-D483-4265-9F82-2FE07ED8EF0E} = {39F5AFF5-D483-4265-9F82-2FE07ED8EF0E}
		{1007A2F7-E5AD-4227-833F-C781B410C142} = {1007A2F7-E5AD-4227-833F-C781B410C142}
		{7DA26FFE-5443-4E0A-81DC-90679291ED2C} = {7DA26FFE-5443-4E0A-81DC-90679291ED2C}
	EndProjectSection
EndProject
Project("{8BC9CEB8-8B4A-11D0-8D11-00A0C91BC942}") = "c_runtime", "..\c_runtime.vcproj", "{39F5AFF5-D483-4265-9F82-2FE07ED8EF0E}"
	ProjectSection(ProjectDependencies) = postProject
		{7DA26FFE-5443-4E0A-81DC-90679291ED2C} = {7DA26FFE-5443-4E0A-81DC-90679291ED2C}
	EndProjectSection
EndProject
Project("{8BC9CEB8-8B4A-11D0-8D11-00A0C91BC942}") = "absyn_builder", "..\absyn_builder.vcproj", "{1007A2F7-E5AD-4227-833F-C781B410C142}"
	ProjectSection(ProjectDependencies) = postProject
		{7DA26FFE-5443-4E0A-81DC-90679291ED2C} = {7DA26FFE-5443-4E0A-81DC-90679291ED2C}
	EndProjectSection
EndProject
Project("{8BC9CEB8-8B4A-11D0-8D11-00A0C91BC942}") = "MakeRML", "..\MakeRMLandGRAMMAR\MakeRMLandGRAMMAR.vcproj", "{7DA26FFE-5443-4E0A-81DC-90679291ED2C}"
	ProjectSection(ProjectDependencies) = postProject
	EndProjectSection
EndProject
Project("{8BC9CEB8-8B4A-11D0-8D11-00A0C91BC942}") = "omc", "..\omc.vcproj", "{087A2480-4E18-465E-BCE0-715481BE58DE}"
	ProjectSection(ProjectDependencies) = postProject
		{72B8515B-6FE4-456D-80D3-51BE6A05EC58} = {72B8515B-6FE4-456D-80D3-51BE6A05EC58}
		{BB69ADED-6C63-4156-AED4-8258C32B6FB6} = {BB69ADED-6C63-4156-AED4-8258C32B6FB6}
		{39F5AFF5-D483-4265-9F82-2FE07ED8EF0E} = {39F5AFF5-D483-4265-9F82-2FE07ED8EF0E}
		{1007A2F7-E5AD-4227-833F-C781B410C142} = {1007A2F7-E5AD-4227-833F-C781B410C142}
		{7DA26FFE-5443-4E0A-81DC-90679291ED2C} = {7DA26FFE-5443-4E0A-81DC-90679291ED2C}
	EndProjectSection
EndProject
Project("{8BC9CEB8-8B4A-11D0-8D11-00A0C91BC942}") = "rmlRuntime", "..\rmlRuntime\rmlRuntime.vcproj", "{BB69ADED-6C63-4156-AED4-8258C32B6FB6}"
	ProjectSection(ProjectDependencies) = postProject
	EndProjectSection
EndProject
Project("{54435603-DBB4-11D2-8724-00A0C9A8B90C}") = "Setup", "..\Setup\Setup.vdproj", "{39B28FEE-229D-4C93-82C9-B6C2D3E385FB}"
	ProjectSection(ProjectDependencies) = postProject
	EndProjectSection
EndProject
Project("{8BC9CEB8-8B4A-11D0-8D11-00A0C91BC942}") = "UpdateEnv", "..\UpdateEnv\UpdateEnv.vcproj", "{8E584488-5EBE-43D7-973C-6C434E426803}"
	ProjectSection(ProjectDependencies) = postProject
	EndProjectSection
EndProject
Project("{8BC9CEB8-8B4A-11D0-8D11-00A0C91BC942}") = "libf2c", "..\libf2c.vcproj", "{44CA648E-DDA1-4AEC-B7F6-CD5A6529649B}"
	ProjectSection(ProjectDependencies) = postProject
	EndProjectSection
EndProject
Global
	GlobalSection(SolutionConfiguration) = preSolution
		Debug = Debug
		NoMico = NoMico
		Release = Release
		ReleaseStaticMico = ReleaseStaticMico
	EndGlobalSection
	GlobalSection(ProjectConfiguration) = postSolution
		{72B8515B-6FE4-456D-80D3-51BE6A05EC58}.Debug.ActiveCfg = Release|Win32
		{72B8515B-6FE4-456D-80D3-51BE6A05EC58}.NoMico.ActiveCfg = NoMico|Win32
		{72B8515B-6FE4-456D-80D3-51BE6A05EC58}.NoMico.Build.0 = NoMico|Win32
		{72B8515B-6FE4-456D-80D3-51BE6A05EC58}.Release.ActiveCfg = Release|Win32
		{72B8515B-6FE4-456D-80D3-51BE6A05EC58}.Release.Build.0 = Release|Win32
		{72B8515B-6FE4-456D-80D3-51BE6A05EC58}.ReleaseStaticMico.ActiveCfg = Release|Win32
		{72B8515B-6FE4-456D-80D3-51BE6A05EC58}.ReleaseStaticMico.Build.0 = Release|Win32
		{39F5AFF5-D483-4265-9F82-2FE07ED8EF0E}.Debug.ActiveCfg = Debug|Win32
		{39F5AFF5-D483-4265-9F82-2FE07ED8EF0E}.NoMico.ActiveCfg = Release|Win32
		{39F5AFF5-D483-4265-9F82-2FE07ED8EF0E}.NoMico.Build.0 = Release|Win32
		{39F5AFF5-D483-4265-9F82-2FE07ED8EF0E}.Release.ActiveCfg = Release|Win32
		{39F5AFF5-D483-4265-9F82-2FE07ED8EF0E}.Release.Build.0 = Release|Win32
		{39F5AFF5-D483-4265-9F82-2FE07ED8EF0E}.ReleaseStaticMico.ActiveCfg = Release|Win32
		{39F5AFF5-D483-4265-9F82-2FE07ED8EF0E}.ReleaseStaticMico.Build.0 = Release|Win32
		{1007A2F7-E5AD-4227-833F-C781B410C142}.Debug.ActiveCfg = Debug|Win32
		{1007A2F7-E5AD-4227-833F-C781B410C142}.NoMico.ActiveCfg = Release|Win32
		{1007A2F7-E5AD-4227-833F-C781B410C142}.NoMico.Build.0 = Release|Win32
		{1007A2F7-E5AD-4227-833F-C781B410C142}.Release.ActiveCfg = Release|Win32
		{1007A2F7-E5AD-4227-833F-C781B410C142}.Release.Build.0 = Release|Win32
		{1007A2F7-E5AD-4227-833F-C781B410C142}.ReleaseStaticMico.ActiveCfg = Release|Win32
		{1007A2F7-E5AD-4227-833F-C781B410C142}.ReleaseStaticMico.Build.0 = Release|Win32
		{7DA26FFE-5443-4E0A-81DC-90679291ED2C}.Debug.ActiveCfg = Release|Win32
		{7DA26FFE-5443-4E0A-81DC-90679291ED2C}.NoMico.ActiveCfg = Release|Win32
		{7DA26FFE-5443-4E0A-81DC-90679291ED2C}.NoMico.Build.0 = Release|Win32
		{7DA26FFE-5443-4E0A-81DC-90679291ED2C}.Release.ActiveCfg = Release|Win32
		{7DA26FFE-5443-4E0A-81DC-90679291ED2C}.Release.Build.0 = Release|Win32
		{7DA26FFE-5443-4E0A-81DC-90679291ED2C}.ReleaseStaticMico.ActiveCfg = Release|Win32
		{7DA26FFE-5443-4E0A-81DC-90679291ED2C}.ReleaseStaticMico.Build.0 = Release|Win32
		{087A2480-4E18-465E-BCE0-715481BE58DE}.Debug.ActiveCfg = Release|Win32
		{087A2480-4E18-465E-BCE0-715481BE58DE}.NoMico.ActiveCfg = NoMico|Win32
		{087A2480-4E18-465E-BCE0-715481BE58DE}.NoMico.Build.0 = NoMico|Win32
		{087A2480-4E18-465E-BCE0-715481BE58DE}.Release.ActiveCfg = Release|Win32
		{087A2480-4E18-465E-BCE0-715481BE58DE}.Release.Build.0 = Release|Win32
		{087A2480-4E18-465E-BCE0-715481BE58DE}.ReleaseStaticMico.ActiveCfg = ReleaseStaticMico|Win32
		{087A2480-4E18-465E-BCE0-715481BE58DE}.ReleaseStaticMico.Build.0 = ReleaseStaticMico|Win32
		{BB69ADED-6C63-4156-AED4-8258C32B6FB6}.Debug.ActiveCfg = Release|Win32
		{BB69ADED-6C63-4156-AED4-8258C32B6FB6}.NoMico.ActiveCfg = Release|Win32
		{BB69ADED-6C63-4156-AED4-8258C32B6FB6}.NoMico.Build.0 = Release|Win32
		{BB69ADED-6C63-4156-AED4-8258C32B6FB6}.Release.ActiveCfg = Release|Win32
		{BB69ADED-6C63-4156-AED4-8258C32B6FB6}.Release.Build.0 = Release|Win32
		{BB69ADED-6C63-4156-AED4-8258C32B6FB6}.ReleaseStaticMico.ActiveCfg = Release|Win32
		{BB69ADED-6C63-4156-AED4-8258C32B6FB6}.ReleaseStaticMico.Build.0 = Release|Win32
		{39B28FEE-229D-4C93-82C9-B6C2D3E385FB}.Debug.ActiveCfg = Debug
		{39B28FEE-229D-4C93-82C9-B6C2D3E385FB}.NoMico.ActiveCfg = Release
		{39B28FEE-229D-4C93-82C9-B6C2D3E385FB}.Release.ActiveCfg = Release
		{39B28FEE-229D-4C93-82C9-B6C2D3E385FB}.ReleaseStaticMico.ActiveCfg = Release
		{8E584488-5EBE-43D7-973C-6C434E426803}.Debug.ActiveCfg = Debug|Win32
		{8E584488-5EBE-43D7-973C-6C434E426803}.NoMico.ActiveCfg = Release|Win32
		{8E584488-5EBE-43D7-973C-6C434E426803}.Release.ActiveCfg = Release|Win32
		{8E584488-5EBE-43D7-973C-6C434E426803}.Release.Build.0 = Release|Win32
		{8E584488-5EBE-43D7-973C-6C434E426803}.ReleaseStaticMico.ActiveCfg = Release|Win32
		{44CA648E-DDA1-4AEC-B7F6-CD5A6529649B}.Debug.ActiveCfg = Release|Win32
		{44CA648E-DDA1-4AEC-B7F6-CD5A6529649B}.NoMico.ActiveCfg = Release|Win32
		{44CA648E-DDA1-4AEC-B7F6-CD5A6529649B}.NoMico.Build.0 = Release|Win32
		{44CA648E-DDA1-4AEC-B7F6-CD5A6529649B}.Release.ActiveCfg = Release|Win32
		{44CA648E-DDA1-4AEC-B7F6-CD5A6529649B}.Release.Build.0 = Release|Win32
		{44CA648E-DDA1-4AEC-B7F6-CD5A6529649B}.ReleaseStaticMico.ActiveCfg = Release|Win32
		{44CA648E-DDA1-4AEC-B7F6-CD5A6529649B}.ReleaseStaticMico.Build.0 = Release|Win32
	EndGlobalSection
	GlobalSection(SolutionItems) = postSolution
		..\Setup\icons\IExplorer.ico = ..\Setup\icons\IExplorer.ico
		..\Setup\icons\OMNotebook.ico = ..\Setup\icons\OMNotebook.ico
		..\Setup\icons\OMShell.ico = ..\Setup\icons\OMShell.ico
		..\Setup\icons\OpenModelica.ico = ..\Setup\icons\OpenModelica.ico
		..\Setup\icons\PDF.ico = ..\Setup\icons\PDF.ico
		..\..\..\README-OMDev-MINGW.txt = ..\..\..\README-OMDev-MINGW.txt
		..\..\..\README-WIN32.txt = ..\..\..\README-WIN32.txt
		..\..\..\README.Cygwin.or.Linux.txt = ..\..\..\README.Cygwin.or.Linux.txt
		Readme.txt = Readme.txt
		..\Setup\bin\Uninstall.bat = ..\Setup\bin\Uninstall.bat
		..\Setup\icons\Uninstall.ico = ..\Setup\icons\Uninstall.ico
	EndGlobalSection
	GlobalSection(ExtensibilityGlobals) = postSolution
	EndGlobalSection
	GlobalSection(ExtensibilityAddIns) = postSolution
	EndGlobalSection
EndGlobal
